
Microsoft Visual Studio Solution File, Format Version 12.00
# Visual Studio 14
VisualStudioVersion = 14.0.25420.1
MinimumVisualStudioVersion = 10.0.40219.1
Project("{FAE04EC0-301F-11D3-BF4B-00C04F79EFBC}") = "Forum.API", "Forum.API\Forum.API.csproj", "{C933D9F7-E0C0-4E7E-B8D9-E36E56045C2A}"
EndProject
Project("{FAE04EC0-301F-11D3-BF4B-00C04F79EFBC}") = "Forum.Service", "Forum.Service\Forum.Service.csproj", "{2F63209D-836F-45CE-96C0-63AB862518C1}"
EndProject
Project("{FAE04EC0-301F-11D3-BF4B-00C04F79EFBC}") = "Forum.Entities", "Forum.Entities\Forum.Entities.csproj", "{A5B76619-71D0-4E9D-A508-6010388D57F2}"
EndProject
Project("{FAE04EC0-301F-11D3-BF4B-00C04F79EFBC}") = "Forum.Repository", "Forum.Repository\Forum.Repository.csproj", "{71569E7C-2DDD-406F-9D76-B1E7FA59C966}"
EndProject
Global
	GlobalSection(SolutionConfigurationPlatforms) = preSolution
		Debug|Any CPU = Debug|Any CPU
		Release|Any CPU = Release|Any CPU
	EndGlobalSection
	GlobalSection(ProjectConfigurationPlatforms) = postSolution
		{C933D9F7-E0C0-4E7E-B8D9-E36E56045C2A}.Debug|Any CPU.ActiveCfg = Debug|Any CPU
		{C933D9F7-E0C0-4E7E-B8D9-E36E56045C2A}.Debug|Any CPU.Build.0 = Debug|Any CPU
		{C933D9F7-E0C0-4E7E-B8D9-E36E56045C2A}.Release|Any CPU.ActiveCfg = Release|Any CPU
		{C933D9F7-E0C0-4E7E-B8D9-E36E56045C2A}.Release|Any CPU.Build.0 = Release|Any CPU
		{2F63209D-836F-45CE-96C0-63AB862518C1}.Debug|Any CPU.ActiveCfg = Debug|Any CPU
		{2F63209D-836F-45CE-96C0-63AB862518C1}.Debug|Any CPU.Build.0 = Debug|Any CPU
		{2F63209D-836F-45CE-96C0-63AB862518C1}.Release|Any CPU.ActiveCfg = Release|Any CPU
		{2F63209D-836F-45CE-96C0-63AB862518C1}.Release|Any CPU.Build.0 = Release|Any CPU
		{A5B76619-71D0-4E9D-A508-6010388D57F2}.Debug|Any CPU.ActiveCfg = Debug|Any CPU
		{A5B76619-71D0-4E9D-A508-6010388D57F2}.Debug|Any CPU.Build.0 = Debug|Any CPU
		{A5B76619-71D0-4E9D-A508-6010388D57F2}.Release|Any CPU.ActiveCfg = Release|Any CPU
		{A5B76619-71D0-4E9D-A508-6010388D57F2}.Release|Any CPU.Build.0 = Release|Any CPU
		{71569E7C-2DDD-406F-9D76-B1E7FA59C966}.Debug|Any CPU.ActiveCfg = Debug|Any CPU
		{71569E7C-2DDD-406F-9D76-B1E7FA59C966}.Debug|Any CPU.Build.0 = Debug|Any CPU
		{71569E7C-2DDD-406F-9D76-B1E7FA59C966}.Release|Any CPU.ActiveCfg = Release|Any CPU
		{71569E7C-2DDD-406F-9D76-B1E7FA59C966}.Release|Any CPU.Build.0 = Release|Any CPU
	EndGlobalSection
	GlobalSection(SolutionProperties) = preSolution
		HideSolutionNode = FALSE
	EndGlobalSection
EndGlobal
